
Microsoft Visual Studio Solution File, Format Version 12.00
# Visual Studio Version 16
VisualStudioVersion = 16.0.29509.3
MinimumVisualStudioVersion = 10.0.40219.1
Project("{FAE04EC0-301F-11D3-BF4B-00C04F79EFBC}") = "Matrices", "Matrices\Matrices.csproj", "{C951D2DC-7424-4158-9527-9BE93287891E}"
EndProject
Global
	GlobalSection(SolutionConfigurationPlatforms) = preSolution
		Debug|Any CPU = Debug|Any CPU
		Release|Any CPU = Release|Any CPU
	EndGlobalSection
	GlobalSection(ProjectConfigurationPlatforms) = postSolution
		{C951D2DC-7424-4158-9527-9BE93287891E}.Debug|Any CPU.ActiveCfg = Debug|Any CPU
		{C951D2DC-7424-4158-9527-9BE93287891E}.Debug|Any CPU.Build.0 = Debug|Any CPU
		{C951D2DC-7424-4158-9527-9BE93287891E}.Release|Any CPU.ActiveCfg = Release|Any CPU
		{C951D2DC-7424-4158-9527-9BE93287891E}.Release|Any CPU.Build.0 = Release|Any CPU
	EndGlobalSection
	GlobalSection(SolutionProperties) = preSolution
		HideSolutionNode = FALSE
	EndGlobalSection
	GlobalSection(ExtensibilityGlobals) = postSolution
		SolutionGuid = {B03CC2AB-7F0A-4474-8FE7-0A2D6281530A}
	EndGlobalSection
EndGlobal
